
Microsoft Visual Studio Solution File, Format Version 12.00
# Visual Studio 2010
Project("{FAE04EC0-301F-11D3-BF4B-00C04F79EFBC}") = "ESM", "ESM.csproj", "{E4B9D921-2320-47A0-A238-72D20ED5A23D}"
EndProject
Project("{2150E333-8FDC-42A3-9474-1A3956D46DE8}") = "Solution Items", "Solution Items", "{E64A6668-E3DC-4F4F-BBEE-D844F4BAED96}"
	ProjectSection(SolutionItems) = preProject
		ESM.vsmdi = ESM.vsmdi
		Local.testsettings = Local.testsettings
		TraceAndTestImpact.testsettings = TraceAndTestImpact.testsettings
	EndProjectSection
EndProject
Project("{FAE04EC0-301F-11D3-BF4B-00C04F79EFBC}") = "testESM", "testESM\testESM.csproj", "{31756BE6-9B31-4034-A164-99FB655EC588}"
EndProject
Global
	GlobalSection(TestCaseManagementSettings) = postSolution
		CategoryFile = ESM.vsmdi
	EndGlobalSection
	GlobalSection(SolutionConfigurationPlatforms) = preSolution
		Debug|Any CPU = Debug|Any CPU
		Release|Any CPU = Release|Any CPU
	EndGlobalSection
	GlobalSection(ProjectConfigurationPlatforms) = postSolution
		{E4B9D921-2320-47A0-A238-72D20ED5A23D}.Debug|Any CPU.ActiveCfg = Debug|Any CPU
		{E4B9D921-2320-47A0-A238-72D20ED5A23D}.Debug|Any CPU.Build.0 = Debug|Any CPU
		{E4B9D921-2320-47A0-A238-72D20ED5A23D}.Release|Any CPU.ActiveCfg = Release|Any CPU
		{E4B9D921-2320-47A0-A238-72D20ED5A23D}.Release|Any CPU.Build.0 = Release|Any CPU
		{31756BE6-9B31-4034-A164-99FB655EC588}.Debug|Any CPU.ActiveCfg = Debug|Any CPU
		{31756BE6-9B31-4034-A164-99FB655EC588}.Debug|Any CPU.Build.0 = Debug|Any CPU
		{31756BE6-9B31-4034-A164-99FB655EC588}.Release|Any CPU.ActiveCfg = Release|Any CPU
		{31756BE6-9B31-4034-A164-99FB655EC588}.Release|Any CPU.Build.0 = Release|Any CPU
	EndGlobalSection
	GlobalSection(SolutionProperties) = preSolution
		HideSolutionNode = FALSE
	EndGlobalSection
EndGlobal
